// !$*UTF8*$!
{
	archiveVersion = 1;
	classes = {
	};
	objectVersion = 46;
	objects = {

/* Begin PBXBuildFile section */
		23E2A62A720D261283994B22 /* Pods_SidebarMenuTests.framework in Frameworks */ = {isa = PBXBuildFile; fileRef = 9F4B36C3FB3FC5FA9411BD73 /* Pods_SidebarMenuTests.framework */; };
		7E0EB7DF5AC8CFC4795FC8B3 /* Pods_SidebarMenu.framework in Frameworks */ = {isa = PBXBuildFile; fileRef = 6DD4EF82A6B02F13A55B7B3F /* Pods_SidebarMenu.framework */; };
		8B676EC01F8AD391006D28FE /* LoginViewController.swift in Sources */ = {isa = PBXBuildFile; fileRef = 8B676EBF1F8AD391006D28FE /* LoginViewController.swift */; };
		8B676EC21F8AD775006D28FE /* SafariServices.framework in Frameworks */ = {isa = PBXBuildFile; fileRef = 8B676EC11F8AD775006D28FE /* SafariServices.framework */; };
		8B676EC41F8AD77A006D28FE /* SystemConfiguration.framework in Frameworks */ = {isa = PBXBuildFile; fileRef = 8B676EC31F8AD77A006D28FE /* SystemConfiguration.framework */; };
		8B676ED61F8ADADF006D28FE /* SWRevealViewController.m in Sources */ = {isa = PBXBuildFile; fileRef = 8B676ED51F8ADADE006D28FE /* SWRevealViewController.m */; };
		8B676EDB1F8ADB0C006D28FE /* gita-big.pdf in Resources */ = {isa = PBXBuildFile; fileRef = 8B676ED71F8ADB0C006D28FE /* gita-big.pdf */; };
		8B676EDC1F8ADB0C006D28FE /* bhajagovindham.pdf in Resources */ = {isa = PBXBuildFile; fileRef = 8B676ED81F8ADB0C006D28FE /* bhajagovindham.pdf */; };
		8B676EDD1F8ADB0C006D28FE /* Sri_Hanuman_Chalisa_Hindi.pdf in Resources */ = {isa = PBXBuildFile; fileRef = 8B676ED91F8ADB0C006D28FE /* Sri_Hanuman_Chalisa_Hindi.pdf */; };
		8B676EDE1F8ADB0C006D28FE /* Sri_Vishnu.pdf in Resources */ = {isa = PBXBuildFile; fileRef = 8B676EDA1F8ADB0C006D28FE /* Sri_Vishnu.pdf */; };
		8B676EE31F8ADB2B006D28FE /* MenuController.swift in Sources */ = {isa = PBXBuildFile; fileRef = 8B676EDF1F8ADB2B006D28FE /* MenuController.swift */; };
		8B676EE41F8ADB2B006D28FE /* HomeViewController.swift in Sources */ = {isa = PBXBuildFile; fileRef = 8B676EE01F8ADB2B006D28FE /* HomeViewController.swift */; };
		8B676EE51F8ADB2B006D28FE /* HanumanChalisaVCViewController.swift in Sources */ = {isa = PBXBuildFile; fileRef = 8B676EE11F8ADB2B006D28FE /* HanumanChalisaVCViewController.swift */; };
		8B676EE61F8ADB2B006D28FE /* SriVishnuViewController.swift in Sources */ = {isa = PBXBuildFile; fileRef = 8B676EE21F8ADB2B006D28FE /* SriVishnuViewController.swift */; };
		903B70421F7EBECA0045C2ED /* BhajagovindamVC.swift in Sources */ = {isa = PBXBuildFile; fileRef = 903B70411F7EBECA0045C2ED /* BhajagovindamVC.swift */; };
		F47029F61A7F27DB00E30A3C /* AppDelegate.swift in Sources */ = {isa = PBXBuildFile; fileRef = F47029F51A7F27DB00E30A3C /* AppDelegate.swift */; };
		F47029FB1A7F27DB00E30A3C /* Main.storyboard in Resources */ = {isa = PBXBuildFile; fileRef = F47029F91A7F27DB00E30A3C /* Main.storyboard */; };
		F47029FD1A7F27DB00E30A3C /* Images.xcassets in Resources */ = {isa = PBXBuildFile; fileRef = F47029FC1A7F27DB00E30A3C /* Images.xcassets */; };
		F4702A001A7F27DC00E30A3C /* LaunchScreen.xib in Resources */ = {isa = PBXBuildFile; fileRef = F47029FE1A7F27DB00E30A3C /* LaunchScreen.xib */; };
		F4702A0C1A7F27DC00E30A3C /* SidebarMenuTests.swift in Sources */ = {isa = PBXBuildFile; fileRef = F4702A0B1A7F27DC00E30A3C /* SidebarMenuTests.swift */; };
/* End PBXBuildFile section */

/* Begin PBXContainerItemProxy section */
		F4702A061A7F27DC00E30A3C /* PBXContainerItemProxy */ = {
			isa = PBXContainerItemProxy;
			containerPortal = F47029E81A7F27DB00E30A3C /* Project object */;
			proxyType = 1;
			remoteGlobalIDString = F47029EF1A7F27DB00E30A3C;
			remoteInfo = SidebarMenu;
		};
/* End PBXContainerItemProxy section */

/* Begin PBXFileReference section */
		3461C9FB959F5C415ACD6A92 /* Pods-SidebarMenuTests.debug.xcconfig */ = {isa = PBXFileReference; includeInIndex = 1; lastKnownFileType = text.xcconfig; name = "Pods-SidebarMenuTests.debug.xcconfig"; path = "Pods/Target Support Files/Pods-SidebarMenuTests/Pods-SidebarMenuTests.debug.xcconfig"; sourceTree = "<group>"; };
		3B2D69C8A6CA7833CCD3289C /* Pods-SidebarMenu.release.xcconfig */ = {isa = PBXFileReference; includeInIndex = 1; lastKnownFileType = text.xcconfig; name = "Pods-SidebarMenu.release.xcconfig"; path = "Pods/Target Support Files/Pods-SidebarMenu/Pods-SidebarMenu.release.xcconfig"; sourceTree = "<group>"; };
		6DD4EF82A6B02F13A55B7B3F /* Pods_SidebarMenu.framework */ = {isa = PBXFileReference; explicitFileType = wrapper.framework; includeInIndex = 0; path = Pods_SidebarMenu.framework; sourceTree = BUILT_PRODUCTS_DIR; };
		7481C8840FE71F970EF16D47 /* Pods-SidebarMenu.debug.xcconfig */ = {isa = PBXFileReference; includeInIndex = 1; lastKnownFileType = text.xcconfig; name = "Pods-SidebarMenu.debug.xcconfig"; path = "Pods/Target Support Files/Pods-SidebarMenu/Pods-SidebarMenu.debug.xcconfig"; sourceTree = "<group>"; };
		8B676EBC1F8AD31E006D28FE /* GoogleService-Info.plist */ = {isa = PBXFileReference; lastKnownFileType = text.plist.xml; path = "GoogleService-Info.plist"; sourceTree = "<group>"; };
		8B676EBF1F8AD391006D28FE /* LoginViewController.swift */ = {isa = PBXFileReference; lastKnownFileType = sourcecode.swift; name = LoginViewController.swift; path = Login/LoginViewController.swift; sourceTree = SOURCE_ROOT; };
		8B676EC11F8AD775006D28FE /* SafariServices.framework */ = {isa = PBXFileReference; lastKnownFileType = wrapper.framework; name = SafariServices.framework; path = System/Library/Frameworks/SafariServices.framework; sourceTree = SDKROOT; };
		8B676EC31F8AD77A006D28FE /* SystemConfiguration.framework */ = {isa = PBXFileReference; lastKnownFileType = wrapper.framework; name = SystemConfiguration.framework; path = System/Library/Frameworks/SystemConfiguration.framework; sourceTree = SDKROOT; };
		8B676ED41F8ADADE006D28FE /* SWRevealViewController.h */ = {isa = PBXFileReference; fileEncoding = 4; lastKnownFileType = sourcecode.c.h; name = SWRevealViewController.h; path = ExternalFramework/SWRevealViewController.h; sourceTree = SOURCE_ROOT; };
		8B676ED51F8ADADE006D28FE /* SWRevealViewController.m */ = {isa = PBXFileReference; fileEncoding = 4; lastKnownFileType = sourcecode.c.objc; name = SWRevealViewController.m; path = ExternalFramework/SWRevealViewController.m; sourceTree = SOURCE_ROOT; };
		8B676ED71F8ADB0C006D28FE /* gita-big.pdf */ = {isa = PBXFileReference; lastKnownFileType = image.pdf; name = "gita-big.pdf"; path = "Resources/gita-big.pdf"; sourceTree = SOURCE_ROOT; };
		8B676ED81F8ADB0C006D28FE /* bhajagovindham.pdf */ = {isa = PBXFileReference; lastKnownFileType = image.pdf; name = bhajagovindham.pdf; path = Resources/bhajagovindham.pdf; sourceTree = SOURCE_ROOT; };
		8B676ED91F8ADB0C006D28FE /* Sri_Hanuman_Chalisa_Hindi.pdf */ = {isa = PBXFileReference; lastKnownFileType = image.pdf; name = Sri_Hanuman_Chalisa_Hindi.pdf; path = Resources/Sri_Hanuman_Chalisa_Hindi.pdf; sourceTree = SOURCE_ROOT; };
		8B676EDA1F8ADB0C006D28FE /* Sri_Vishnu.pdf */ = {isa = PBXFileReference; lastKnownFileType = image.pdf; name = Sri_Vishnu.pdf; path = Resources/Sri_Vishnu.pdf; sourceTree = SOURCE_ROOT; };
		8B676EDF1F8ADB2B006D28FE /* MenuController.swift */ = {isa = PBXFileReference; fileEncoding = 4; lastKnownFileType = sourcecode.swift; name = MenuController.swift; path = VC/MenuController.swift; sourceTree = SOURCE_ROOT; };
		8B676EE01F8ADB2B006D28FE /* HomeViewController.swift */ = {isa = PBXFileReference; fileEncoding = 4; lastKnownFileType = sourcecode.swift; name = HomeViewController.swift; path = VC/HomeViewController.swift; sourceTree = SOURCE_ROOT; };
		8B676EE11F8ADB2B006D28FE /* HanumanChalisaVCViewController.swift */ = {isa = PBXFileReference; fileEncoding = 4; lastKnownFileType = sourcecode.swift; name = HanumanChalisaVCViewController.swift; path = VC/HanumanChalisaVCViewController.swift; sourceTree = SOURCE_ROOT; };
		8B676EE21F8ADB2B006D28FE /* SriVishnuViewController.swift */ = {isa = PBXFileReference; fileEncoding = 4; lastKnownFileType = sourcecode.swift; name = SriVishnuViewController.swift; path = VC/SriVishnuViewController.swift; sourceTree = SOURCE_ROOT; };
		8B676EE71F8ADB9B006D28FE /* SidebarMenu-Bridging-Header.h */ = {isa = PBXFileReference; fileEncoding = 4; lastKnownFileType = sourcecode.c.h; path = "SidebarMenu-Bridging-Header.h"; sourceTree = "<group>"; };
		903B70411F7EBECA0045C2ED /* BhajagovindamVC.swift */ = {isa = PBXFileReference; fileEncoding = 4; lastKnownFileType = sourcecode.swift; path = BhajagovindamVC.swift; sourceTree = "<group>"; };
		9F4B36C3FB3FC5FA9411BD73 /* Pods_SidebarMenuTests.framework */ = {isa = PBXFileReference; explicitFileType = wrapper.framework; includeInIndex = 0; path = Pods_SidebarMenuTests.framework; sourceTree = BUILT_PRODUCTS_DIR; };
		F47029F01A7F27DB00E30A3C /* SidebarMenu.app */ = {isa = PBXFileReference; explicitFileType = wrapper.application; includeInIndex = 0; path = SidebarMenu.app; sourceTree = BUILT_PRODUCTS_DIR; };
		F47029F41A7F27DB00E30A3C /* Info.plist */ = {isa = PBXFileReference; lastKnownFileType = text.plist.xml; path = Info.plist; sourceTree = "<group>"; };
		F47029F51A7F27DB00E30A3C /* AppDelegate.swift */ = {isa = PBXFileReference; lastKnownFileType = sourcecode.swift; path = AppDelegate.swift; sourceTree = "<group>"; };
		F47029FA1A7F27DB00E30A3C /* Base */ = {isa = PBXFileReference; lastKnownFileType = file.storyboard; name = Base; path = Base.lproj/Main.storyboard; sourceTree = "<group>"; };
		F47029FC1A7F27DB00E30A3C /* Images.xcassets */ = {isa = PBXFileReference; lastKnownFileType = folder.assetcatalog; path = Images.xcassets; sourceTree = "<group>"; };
		F47029FF1A7F27DB00E30A3C /* Base */ = {isa = PBXFileReference; lastKnownFileType = file.xib; name = Base; path = Base.lproj/LaunchScreen.xib; sourceTree = "<group>"; };
		F4702A051A7F27DC00E30A3C /* SidebarMenuTests.xctest */ = {isa = PBXFileReference; explicitFileType = wrapper.cfbundle; includeInIndex = 0; path = SidebarMenuTests.xctest; sourceTree = BUILT_PRODUCTS_DIR; };
		F4702A0A1A7F27DC00E30A3C /* Info.plist */ = {isa = PBXFileReference; lastKnownFileType = text.plist.xml; path = Info.plist; sourceTree = "<group>"; };
		F4702A0B1A7F27DC00E30A3C /* SidebarMenuTests.swift */ = {isa = PBXFileReference; lastKnownFileType = sourcecode.swift; path = SidebarMenuTests.swift; sourceTree = "<group>"; };
		FE032A366BBF9EBE92425CA6 /* Pods-SidebarMenuTests.release.xcconfig */ = {isa = PBXFileReference; includeInIndex = 1; lastKnownFileType = text.xcconfig; name = "Pods-SidebarMenuTests.release.xcconfig"; path = "Pods/Target Support Files/Pods-SidebarMenuTests/Pods-SidebarMenuTests.release.xcconfig"; sourceTree = "<group>"; };
/* End PBXFileReference section */

/* Begin PBXFrameworksBuildPhase section */
		F47029ED1A7F27DB00E30A3C /* Frameworks */ = {
			isa = PBXFrameworksBuildPhase;
			buildActionMask = 2147483647;
			files = (
				8B676EC41F8AD77A006D28FE /* SystemConfiguration.framework in Frameworks */,
				8B676EC21F8AD775006D28FE /* SafariServices.framework in Frameworks */,
				7E0EB7DF5AC8CFC4795FC8B3 /* Pods_SidebarMenu.framework in Frameworks */,
			);
			runOnlyForDeploymentPostprocessing = 0;
		};
		F4702A021A7F27DC00E30A3C /* Frameworks */ = {
			isa = PBXFrameworksBuildPhase;
			buildActionMask = 2147483647;
			files = (
				23E2A62A720D261283994B22 /* Pods_SidebarMenuTests.framework in Frameworks */,
			);
			runOnlyForDeploymentPostprocessing = 0;
		};
/* End PBXFrameworksBuildPhase section */

/* Begin PBXGroup section */
		55CED9B31F7E737B00BD5365 /* Resources */ = {
			isa = PBXGroup;
			children = (
				8B676ED81F8ADB0C006D28FE /* bhajagovindham.pdf */,
				8B676ED71F8ADB0C006D28FE /* gita-big.pdf */,
				8B676ED91F8ADB0C006D28FE /* Sri_Hanuman_Chalisa_Hindi.pdf */,
				8B676EDA1F8ADB0C006D28FE /* Sri_Vishnu.pdf */,
			);
			name = Resources;
			sourceTree = "<group>";
		};
		753302474B62A705C51471DA /* Frameworks */ = {
			isa = PBXGroup;
			children = (
				8B676EC31F8AD77A006D28FE /* SystemConfiguration.framework */,
				8B676EC11F8AD775006D28FE /* SafariServices.framework */,
				6DD4EF82A6B02F13A55B7B3F /* Pods_SidebarMenu.framework */,
				9F4B36C3FB3FC5FA9411BD73 /* Pods_SidebarMenuTests.framework */,
			);
			name = Frameworks;
			sourceTree = "<group>";
		};
		8B676EBE1F8AD37B006D28FE /* Login */ = {
			isa = PBXGroup;
			children = (
				8B676EBF1F8AD391006D28FE /* LoginViewController.swift */,
			);
			name = Login;
			sourceTree = "<group>";
		};
		8B676ED11F8AD9A4006D28FE /* VC */ = {
			isa = PBXGroup;
			children = (
				8B676EE11F8ADB2B006D28FE /* HanumanChalisaVCViewController.swift */,
				8B676EE01F8ADB2B006D28FE /* HomeViewController.swift */,
				8B676EDF1F8ADB2B006D28FE /* MenuController.swift */,
				8B676EE21F8ADB2B006D28FE /* SriVishnuViewController.swift */,
				903B70411F7EBECA0045C2ED /* BhajagovindamVC.swift */,
			);
			name = VC;
			sourceTree = "<group>";
		};
		8B676ED21F8AD9CA006D28FE /* StoryBoard */ = {
			isa = PBXGroup;
			children = (
				F47029F91A7F27DB00E30A3C /* Main.storyboard */,
				F47029FE1A7F27DB00E30A3C /* LaunchScreen.xib */,
			);
			name = StoryBoard;
			sourceTree = "<group>";
		};
		8B676ED31F8AD9ED006D28FE /* ExternalFramework */ = {
			isa = PBXGroup;
			children = (
				8B676ED41F8ADADE006D28FE /* SWRevealViewController.h */,
				8B676ED51F8ADADE006D28FE /* SWRevealViewController.m */,
			);
			name = ExternalFramework;
			sourceTree = "<group>";
		};
		A10A9F3BA6ACFA11FF71F52A /* Pods */ = {
			isa = PBXGroup;
			children = (
				7481C8840FE71F970EF16D47 /* Pods-SidebarMenu.debug.xcconfig */,
				3B2D69C8A6CA7833CCD3289C /* Pods-SidebarMenu.release.xcconfig */,
				3461C9FB959F5C415ACD6A92 /* Pods-SidebarMenuTests.debug.xcconfig */,
				FE032A366BBF9EBE92425CA6 /* Pods-SidebarMenuTests.release.xcconfig */,
			);
			name = Pods;
			sourceTree = "<group>";
		};
		F47029E71A7F27DB00E30A3C = {
			isa = PBXGroup;
			children = (
				F47029F21A7F27DB00E30A3C /* SidebarMenu */,
				F4702A081A7F27DC00E30A3C /* SidebarMenuTests */,
				F47029F11A7F27DB00E30A3C /* Products */,
				A10A9F3BA6ACFA11FF71F52A /* Pods */,
				753302474B62A705C51471DA /* Frameworks */,
			);
			sourceTree = "<group>";
		};
		F47029F11A7F27DB00E30A3C /* Products */ = {
			isa = PBXGroup;
			children = (
				F47029F01A7F27DB00E30A3C /* SidebarMenu.app */,
				F4702A051A7F27DC00E30A3C /* SidebarMenuTests.xctest */,
			);
			name = Products;
			sourceTree = "<group>";
		};
		F47029F21A7F27DB00E30A3C /* SidebarMenu */ = {
			isa = PBXGroup;
			children = (
				8B676ED31F8AD9ED006D28FE /* ExternalFramework */,
				8B676ED21F8AD9CA006D28FE /* StoryBoard */,
				F47029F51A7F27DB00E30A3C /* AppDelegate.swift */,
				8B676ED11F8AD9A4006D28FE /* VC */,
				8B676EBE1F8AD37B006D28FE /* Login */,
				55CED9B31F7E737B00BD5365 /* Resources */,
				F47029FC1A7F27DB00E30A3C /* Images.xcassets */,
				8B676EE71F8ADB9B006D28FE /* SidebarMenu-Bridging-Header.h */,
				8B676EBC1F8AD31E006D28FE /* GoogleService-Info.plist */,
				F47029F31A7F27DB00E30A3C /* Supporting Files */,
			);
			path = SidebarMenu;
			sourceTree = "<group>";
		};
		F47029F31A7F27DB00E30A3C /* Supporting Files */ = {
			isa = PBXGroup;
			children = (
				F47029F41A7F27DB00E30A3C /* Info.plist */,
			);
			name = "Supporting Files";
			sourceTree = "<group>";
		};
		F4702A081A7F27DC00E30A3C /* SidebarMenuTests */ = {
			isa = PBXGroup;
			children = (
				F4702A0B1A7F27DC00E30A3C /* SidebarMenuTests.swift */,
				F4702A091A7F27DC00E30A3C /* Supporting Files */,
			);
			path = SidebarMenuTests;
			sourceTree = "<group>";
		};
		F4702A091A7F27DC00E30A3C /* Supporting Files */ = {
			isa = PBXGroup;
			children = (
				F4702A0A1A7F27DC00E30A3C /* Info.plist */,
			);
			name = "Supporting Files";
			sourceTree = "<group>";
		};
/* End PBXGroup section */

/* Begin PBXNativeTarget section */
		F47029EF1A7F27DB00E30A3C /* SidebarMenu */ = {
			isa = PBXNativeTarget;
			buildConfigurationList = F4702A0F1A7F27DC00E30A3C /* Build configuration list for PBXNativeTarget "SidebarMenu" */;
			buildPhases = (
				EF740B08F1C2CFA89A422476 /* [CP] Check Pods Manifest.lock */,
				F47029EC1A7F27DB00E30A3C /* Sources */,
				F47029ED1A7F27DB00E30A3C /* Frameworks */,
				F47029EE1A7F27DB00E30A3C /* Resources */,
				EF03446101573CB07ADB900F /* [CP] Embed Pods Frameworks */,
				FF7253CA3129C66C1D924408 /* [CP] Copy Pods Resources */,
			);
			buildRules = (
			);
			dependencies = (
			);
			name = SidebarMenu;
			productName = SidebarMenu;
			productReference = F47029F01A7F27DB00E30A3C /* SidebarMenu.app */;
			productType = "com.apple.product-type.application";
		};
		F4702A041A7F27DC00E30A3C /* SidebarMenuTests */ = {
			isa = PBXNativeTarget;
			buildConfigurationList = F4702A121A7F27DC00E30A3C /* Build configuration list for PBXNativeTarget "SidebarMenuTests" */;
			buildPhases = (
				64E942030E244A7BC7C76CFB /* [CP] Check Pods Manifest.lock */,
				F4702A011A7F27DC00E30A3C /* Sources */,
				F4702A021A7F27DC00E30A3C /* Frameworks */,
				F4702A031A7F27DC00E30A3C /* Resources */,
				07B6F472C1B3551DCBA83350 /* [CP] Embed Pods Frameworks */,
				D9481B8D1A2D8B381423E049 /* [CP] Copy Pods Resources */,
			);
			buildRules = (
			);
			dependencies = (
				F4702A071A7F27DC00E30A3C /* PBXTargetDependency */,
			);
			name = SidebarMenuTests;
			productName = SidebarMenuTests;
			productReference = F4702A051A7F27DC00E30A3C /* SidebarMenuTests.xctest */;
			productType = "com.apple.product-type.bundle.unit-test";
		};
/* End PBXNativeTarget section */

/* Begin PBXProject section */
		F47029E81A7F27DB00E30A3C /* Project object */ = {
			isa = PBXProject;
			attributes = {
				LastSwiftUpdateCheck = 0700;
				LastUpgradeCheck = 0700;
				ORGANIZATIONNAME = AppCoda;
				TargetAttributes = {
					F47029EF1A7F27DB00E30A3C = {
						CreatedOnToolsVersion = 6.1.1;
						DevelopmentTeam = D2KUN44K2A;
						LastSwiftMigration = 0830;
						SystemCapabilities = {
							com.apple.Maps.iOS = {
								enabled = 1;
							};
						};
					};
					F4702A041A7F27DC00E30A3C = {
						CreatedOnToolsVersion = 6.1.1;
						LastSwiftMigration = 0830;
						TestTargetID = F47029EF1A7F27DB00E30A3C;
					};
				};
			};
			buildConfigurationList = F47029EB1A7F27DB00E30A3C /* Build configuration list for PBXProject "SidebarMenu" */;
			compatibilityVersion = "Xcode 3.2";
			developmentRegion = English;
			hasScannedForEncodings = 0;
			knownRegions = (
				en,
				Base,
			);
			mainGroup = F47029E71A7F27DB00E30A3C;
			productRefGroup = F47029F11A7F27DB00E30A3C /* Products */;
			projectDirPath = "";
			projectRoot = "";
			targets = (
				F47029EF1A7F27DB00E30A3C /* SidebarMenu */,
				F4702A041A7F27DC00E30A3C /* SidebarMenuTests */,
			);
		};
/* End PBXProject section */

/* Begin PBXResourcesBuildPhase section */
		F47029EE1A7F27DB00E30A3C /* Resources */ = {
			isa = PBXResourcesBuildPhase;
			buildActionMask = 2147483647;
			files = (
				8B676EDB1F8ADB0C006D28FE /* gita-big.pdf in Resources */,
				8B676EDC1F8ADB0C006D28FE /* bhajagovindham.pdf in Resources */,
				F47029FB1A7F27DB00E30A3C /* Main.storyboard in Resources */,
				F4702A001A7F27DC00E30A3C /* LaunchScreen.xib in Resources */,
				8B676EDE1F8ADB0C006D28FE /* Sri_Vishnu.pdf in Resources */,
				F47029FD1A7F27DB00E30A3C /* Images.xcassets in Resources */,
				8B676EDD1F8ADB0C006D28FE /* Sri_Hanuman_Chalisa_Hindi.pdf in Resources */,
			);
			runOnlyForDeploymentPostprocessing = 0;
		};
		F4702A031A7F27DC00E30A3C /* Resources */ = {
			isa = PBXResourcesBuildPhase;
			buildActionMask = 2147483647;
			files = (
			);
			runOnlyForDeploymentPostprocessing = 0;
		};
/* End PBXResourcesBuildPhase section */

/* Begin PBXShellScriptBuildPhase section */
		07B6F472C1B3551DCBA83350 /* [CP] Embed Pods Frameworks */ = {
			isa = PBXShellScriptBuildPhase;
			buildActionMask = 2147483647;
			files = (
			);
			inputPaths = (
			);
			name = "[CP] Embed Pods Frameworks";
			outputPaths = (
			);
			runOnlyForDeploymentPostprocessing = 0;
			shellPath = /bin/sh;
			shellScript = "\"${SRCROOT}/Pods/Target Support Files/Pods-SidebarMenuTests/Pods-SidebarMenuTests-frameworks.sh\"\n";
			showEnvVarsInLog = 0;
		};
		64E942030E244A7BC7C76CFB /* [CP] Check Pods Manifest.lock */ = {
			isa = PBXShellScriptBuildPhase;
			buildActionMask = 2147483647;
			files = (
			);
			inputPaths = (
				"${PODS_PODFILE_DIR_PATH}/Podfile.lock",
				"${PODS_ROOT}/Manifest.lock",
			);
			name = "[CP] Check Pods Manifest.lock";
			outputPaths = (
				"$(DERIVED_FILE_DIR)/Pods-SidebarMenuTests-checkManifestLockResult.txt",
			);
			runOnlyForDeploymentPostprocessing = 0;
			shellPath = /bin/sh;
			shellScript = "diff \"${PODS_PODFILE_DIR_PATH}/Podfile.lock\" \"${PODS_ROOT}/Manifest.lock\" > /dev/null\nif [ $? != 0 ] ; then\n    # print error to STDERR\n    echo \"error: The sandbox is not in sync with the Podfile.lock. Run 'pod install' or update your CocoaPods installation.\" >&2\n    exit 1\nfi\n# This output is used by Xcode 'outputs' to avoid re-running this script phase.\necho \"SUCCESS\" > \"${SCRIPT_OUTPUT_FILE_0}\"\n";
			showEnvVarsInLog = 0;
		};
		D9481B8D1A2D8B381423E049 /* [CP] Copy Pods Resources */ = {
			isa = PBXShellScriptBuildPhase;
			buildActionMask = 2147483647;
			files = (
			);
			inputPaths = (
			);
			name = "[CP] Copy Pods Resources";
			outputPaths = (
			);
			runOnlyForDeploymentPostprocessing = 0;
			shellPath = /bin/sh;
			shellScript = "\"${SRCROOT}/Pods/Target Support Files/Pods-SidebarMenuTests/Pods-SidebarMenuTests-resources.sh\"\n";
			showEnvVarsInLog = 0;
		};
		EF03446101573CB07ADB900F /* [CP] Embed Pods Frameworks */ = {
			isa = PBXShellScriptBuildPhase;
			buildActionMask = 2147483647;
			files = (
			);
			inputPaths = (
				"${SRCROOT}/Pods/Target Support Files/Pods-SidebarMenu/Pods-SidebarMenu-frameworks.sh",
				"${BUILT_PRODUCTS_DIR}/GTMOAuth2/GTMOAuth2.framework",
				"${BUILT_PRODUCTS_DIR}/GTMSessionFetcher/GTMSessionFetcher.framework",
				"${BUILT_PRODUCTS_DIR}/GoogleToolboxForMac/GoogleToolboxForMac.framework",
				"${BUILT_PRODUCTS_DIR}/Protobuf/Protobuf.framework",
				"${BUILT_PRODUCTS_DIR}/nanopb/nanopb.framework",
			);
			name = "[CP] Embed Pods Frameworks";
			outputPaths = (
				"${TARGET_BUILD_DIR}/${FRAMEWORKS_FOLDER_PATH}/GTMOAuth2.framework",
				"${TARGET_BUILD_DIR}/${FRAMEWORKS_FOLDER_PATH}/GTMSessionFetcher.framework",
				"${TARGET_BUILD_DIR}/${FRAMEWORKS_FOLDER_PATH}/GoogleToolboxForMac.framework",
				"${TARGET_BUILD_DIR}/${FRAMEWORKS_FOLDER_PATH}/Protobuf.framework",
				"${TARGET_BUILD_DIR}/${FRAMEWORKS_FOLDER_PATH}/nanopb.framework",
			);
			runOnlyForDeploymentPostprocessing = 0;
			shellPath = /bin/sh;
			shellScript = "\"${SRCROOT}/Pods/Target Support Files/Pods-SidebarMenu/Pods-SidebarMenu-frameworks.sh\"\n";
			showEnvVarsInLog = 0;
		};
		EF740B08F1C2CFA89A422476 /* [CP] Check Pods Manifest.lock */ = {
			isa = PBXShellScriptBuildPhase;
			buildActionMask = 2147483647;
			files = (
			);
			inputPaths = (
				"${PODS_PODFILE_DIR_PATH}/Podfile.lock",
				"${PODS_ROOT}/Manifest.lock",
			);
			name = "[CP] Check Pods Manifest.lock";
			outputPaths = (
				"$(DERIVED_FILE_DIR)/Pods-SidebarMenu-checkManifestLockResult.txt",
			);
			runOnlyForDeploymentPostprocessing = 0;
			shellPath = /bin/sh;
			shellScript = "diff \"${PODS_PODFILE_DIR_PATH}/Podfile.lock\" \"${PODS_ROOT}/Manifest.lock\" > /dev/null\nif [ $? != 0 ] ; then\n    # print error to STDERR\n    echo \"error: The sandbox is not in sync with the Podfile.lock. Run 'pod install' or update your CocoaPods installation.\" >&2\n    exit 1\nfi\n# This output is used by Xcode 'outputs' to avoid re-running this script phase.\necho \"SUCCESS\" > \"${SCRIPT_OUTPUT_FILE_0}\"\n";
			showEnvVarsInLog = 0;
		};
		FF7253CA3129C66C1D924408 /* [CP] Copy Pods Resources */ = {
			isa = PBXShellScriptBuildPhase;
			buildActionMask = 2147483647;
			files = (
			);
			inputPaths = (
				"${SRCROOT}/Pods/Target Support Files/Pods-SidebarMenu/Pods-SidebarMenu-resources.sh",
				"${PODS_ROOT}/GoogleSignIn/Resources/GoogleSignIn.bundle",
			);
			name = "[CP] Copy Pods Resources";
			outputPaths = (
				"${TARGET_BUILD_DIR}/${UNLOCALIZED_RESOURCES_FOLDER_PATH}",
			);
			runOnlyForDeploymentPostprocessing = 0;
			shellPath = /bin/sh;
			shellScript = "\"${SRCROOT}/Pods/Target Support Files/Pods-SidebarMenu/Pods-SidebarMenu-resources.sh\"\n";
			showEnvVarsInLog = 0;
		};
/* End PBXShellScriptBuildPhase section */

/* Begin PBXSourcesBuildPhase section */
		F47029EC1A7F27DB00E30A3C /* Sources */ = {
			isa = PBXSourcesBuildPhase;
			buildActionMask = 2147483647;
			files = (
				8B676EE31F8ADB2B006D28FE /* MenuController.swift in Sources */,
				8B676EC01F8AD391006D28FE /* LoginViewController.swift in Sources */,
				8B676EE61F8ADB2B006D28FE /* SriVishnuViewController.swift in Sources */,
				F47029F61A7F27DB00E30A3C /* AppDelegate.swift in Sources */,
				903B70421F7EBECA0045C2ED /* BhajagovindamVC.swift in Sources */,
				8B676EE51F8ADB2B006D28FE /* HanumanChalisaVCViewController.swift in Sources */,
				8B676ED61F8ADADF006D28FE /* SWRevealViewController.m in Sources */,
				8B676EE41F8ADB2B006D28FE /* HomeViewController.swift in Sources */,
			);
			runOnlyForDeploymentPostprocessing = 0;
		};
		F4702A011A7F27DC00E30A3C /* Sources */ = {
			isa = PBXSourcesBuildPhase;
			buildActionMask = 2147483647;
			files = (
				F4702A0C1A7F27DC00E30A3C /* SidebarMenuTests.swift in Sources */,
			);
			runOnlyForDeploymentPostprocessing = 0;
		};
/* End PBXSourcesBuildPhase section */

/* Begin PBXTargetDependency section */
		F4702A071A7F27DC00E30A3C /* PBXTargetDependency */ = {
			isa = PBXTargetDependency;
			target = F47029EF1A7F27DB00E30A3C /* SidebarMenu */;
			targetProxy = F4702A061A7F27DC00E30A3C /* PBXContainerItemProxy */;
		};
/* End PBXTargetDependency section */

/* Begin PBXVariantGroup section */
		F47029F91A7F27DB00E30A3C /* Main.storyboard */ = {
			isa = PBXVariantGroup;
			children = (
				F47029FA1A7F27DB00E30A3C /* Base */,
			);
			name = Main.storyboard;
			sourceTree = "<group>";
		};
		F47029FE1A7F27DB00E30A3C /* LaunchScreen.xib */ = {
			isa = PBXVariantGroup;
			children = (
				F47029FF1A7F27DB00E30A3C /* Base */,
			);
			name = LaunchScreen.xib;
			sourceTree = "<group>";
		};
/* End PBXVariantGroup section */

/* Begin XCBuildConfiguration section */
		F4702A0D1A7F27DC00E30A3C /* Debug */ = {
			isa = XCBuildConfiguration;
			buildSettings = {
				ALWAYS_SEARCH_USER_PATHS = NO;
				CLANG_CXX_LANGUAGE_STANDARD = "gnu++0x";
				CLANG_CXX_LIBRARY = "libc++";
				CLANG_ENABLE_MODULES = YES;
				CLANG_ENABLE_OBJC_ARC = YES;
				CLANG_WARN_BOOL_CONVERSION = YES;
				CLANG_WARN_CONSTANT_CONVERSION = YES;
				CLANG_WARN_DIRECT_OBJC_ISA_USAGE = YES_ERROR;
				CLANG_WARN_EMPTY_BODY = YES;
				CLANG_WARN_ENUM_CONVERSION = YES;
				CLANG_WARN_INT_CONVERSION = YES;
				CLANG_WARN_OBJC_ROOT_CLASS = YES_ERROR;
				CLANG_WARN_UNREACHABLE_CODE = YES;
				CLANG_WARN__DUPLICATE_METHOD_MATCH = YES;
				"CODE_SIGN_IDENTITY[sdk=iphoneos*]" = "iPhone Developer";
				COPY_PHASE_STRIP = NO;
				ENABLE_STRICT_OBJC_MSGSEND = YES;
				ENABLE_TESTABILITY = YES;
				GCC_C_LANGUAGE_STANDARD = gnu99;
				GCC_DYNAMIC_NO_PIC = NO;
				GCC_OPTIMIZATION_LEVEL = 0;
				GCC_PREPROCESSOR_DEFINITIONS = (
					"DEBUG=1",
					"$(inherited)",
				);
				GCC_SYMBOLS_PRIVATE_EXTERN = NO;
				GCC_WARN_64_TO_32_BIT_CONVERSION = YES;
				GCC_WARN_ABOUT_RETURN_TYPE = YES_ERROR;
				GCC_WARN_UNDECLARED_SELECTOR = YES;
				GCC_WARN_UNINITIALIZED_AUTOS = YES_AGGRESSIVE;
				GCC_WARN_UNUSED_FUNCTION = YES;
				GCC_WARN_UNUSED_VARIABLE = YES;
				IPHONEOS_DEPLOYMENT_TARGET = 9.0;
				MTL_ENABLE_DEBUG_INFO = YES;
				ONLY_ACTIVE_ARCH = YES;
				SDKROOT = iphoneos;
				SWIFT_OPTIMIZATION_LEVEL = "-Onone";
			};
			name = Debug;
		};
		F4702A0E1A7F27DC00E30A3C /* Release */ = {
			isa = XCBuildConfiguration;
			buildSettings = {
				ALWAYS_SEARCH_USER_PATHS = NO;
				CLANG_CXX_LANGUAGE_STANDARD = "gnu++0x";
				CLANG_CXX_LIBRARY = "libc++";
				CLANG_ENABLE_MODULES = YES;
				CLANG_ENABLE_OBJC_ARC = YES;
				CLANG_WARN_BOOL_CONVERSION = YES;
				CLANG_WARN_CONSTANT_CONVERSION = YES;
				CLANG_WARN_DIRECT_OBJC_ISA_USAGE = YES_ERROR;
				CLANG_WARN_EMPTY_BODY = YES;
				CLANG_WARN_ENUM_CONVERSION = YES;
				CLANG_WARN_INT_CONVERSION = YES;
				CLANG_WARN_OBJC_ROOT_CLASS = YES_ERROR;
				CLANG_WARN_UNREACHABLE_CODE = YES;
				CLANG_WARN__DUPLICATE_METHOD_MATCH = YES;
				"CODE_SIGN_IDENTITY[sdk=iphoneos*]" = "iPhone Developer";
				COPY_PHASE_STRIP = YES;
				ENABLE_NS_ASSERTIONS = NO;
				ENABLE_STRICT_OBJC_MSGSEND = YES;
				GCC_C_LANGUAGE_STANDARD = gnu99;
				GCC_WARN_64_TO_32_BIT_CONVERSION = YES;
				GCC_WARN_ABOUT_RETURN_TYPE = YES_ERROR;
				GCC_WARN_UNDECLARED_SELECTOR = YES;
				GCC_WARN_UNINITIALIZED_AUTOS = YES_AGGRESSIVE;
				GCC_WARN_UNUSED_FUNCTION = YES;
				GCC_WARN_UNUSED_VARIABLE = YES;
				IPHONEOS_DEPLOYMENT_TARGET = 9.0;
				MTL_ENABLE_DEBUG_INFO = NO;
				SDKROOT = iphoneos;
				VALIDATE_PRODUCT = YES;
			};
			name = Release;
		};
		F4702A101A7F27DC00E30A3C /* Debug */ = {
			isa = XCBuildConfiguration;
			baseConfigurationReference = 7481C8840FE71F970EF16D47 /* Pods-SidebarMenu.debug.xcconfig */;
			buildSettings = {
				ASSETCATALOG_COMPILER_APPICON_NAME = AppIcon;
				CLANG_ENABLE_MODULES = YES;
				DEVELOPMENT_TEAM = D2KUN44K2A;
				INFOPLIST_FILE = SidebarMenu/Info.plist;
				IPHONEOS_DEPLOYMENT_TARGET = 9.0;
				LD_RUNPATH_SEARCH_PATHS = "$(inherited) @executable_path/Frameworks";
				OTHER_LDFLAGS = (
					"$(inherited)",
					"-ObjC",
					"-l\"c++\"",
					"-l\"sqlite3\"",
					"-l\"z\"",
					"-framework",
					"\"AddressBook\"",
					"-framework",
					"\"CoreText\"",
					"-framework",
					"\"FirebaseAnalytics\"",
					"-framework",
					"\"FirebaseAuth\"",
					"-framework",
					"\"FirebaseCore\"",
					"-framework",
					"\"FirebaseCoreDiagnostics\"",
					"-framework",
					"\"FirebaseInstanceID\"",
					"-framework",
					"\"FirebaseMessaging\"",
					"-framework",
					"\"FirebaseNanoPB\"",
					"-framework",
					"\"FirebaseStorage\"",
					"-framework",
					"\"GTMOAuth2\"",
					"-framework",
					"\"GTMSessionFetcher\"",
					"-framework",
					"\"GoogleSignIn\"",
					"-framework",
					"\"GoogleToolboxForMac\"",
					"-framework",
					"\"MobileCoreServices\"",
					"-framework",
					"\"Protobuf\"",
					"-framework",
					"\"SafariServices\"",
					"-framework",
					"\"Security\"",
					"-framework",
					"\"StoreKit\"",
					"-framework",
					"\"SystemConfiguration\"",
					"-framework",
					"\"nanopb\"",
					"$(OTHER_LDFLAGS)",
					"-ObjC",
				);
				PRODUCT_BUNDLE_IDENTIFIER = com.ppam.con.Temple;
				PRODUCT_NAME = "$(TARGET_NAME)";
				SWIFT_OBJC_BRIDGING_HEADER = "SidebarMenu/SidebarMenu-Bridging-Header.h";
				SWIFT_OPTIMIZATION_LEVEL = "-Onone";
				SWIFT_VERSION = 3.0;
			};
			name = Debug;
		};
		F4702A111A7F27DC00E30A3C /* Release */ = {
			isa = XCBuildConfiguration;
			baseConfigurationReference = 3B2D69C8A6CA7833CCD3289C /* Pods-SidebarMenu.release.xcconfig */;
			buildSettings = {
				ASSETCATALOG_COMPILER_APPICON_NAME = AppIcon;
				CLANG_ENABLE_MODULES = YES;
				DEVELOPMENT_TEAM = D2KUN44K2A;
				INFOPLIST_FILE = SidebarMenu/Info.plist;
				IPHONEOS_DEPLOYMENT_TARGET = 9.0;
				LD_RUNPATH_SEARCH_PATHS = "$(inherited) @executable_path/Frameworks";
				OTHER_LDFLAGS = (
					"$(inherited)",
					"-ObjC",
					"-l\"c++\"",
					"-l\"sqlite3\"",
					"-l\"z\"",
					"-framework",
					"\"AddressBook\"",
					"-framework",
					"\"CoreText\"",
					"-framework",
					"\"FirebaseAnalytics\"",
					"-framework",
					"\"FirebaseAuth\"",
					"-framework",
					"\"FirebaseCore\"",
					"-framework",
					"\"FirebaseCoreDiagnostics\"",
					"-framework",
					"\"FirebaseInstanceID\"",
					"-framework",
					"\"FirebaseMessaging\"",
					"-framework",
					"\"FirebaseNanoPB\"",
					"-framework",
					"\"FirebaseStorage\"",
					"-framework",
					"\"GTMOAuth2\"",
					"-framework",
					"\"GTMSessionFetcher\"",
					"-framework",
					"\"GoogleSignIn\"",
					"-framework",
					"\"GoogleToolboxForMac\"",
					"-framework",
					"\"MobileCoreServices\"",
					"-framework",
					"\"Protobuf\"",
					"-framework",
					"\"SafariServices\"",
					"-framework",
					"\"Security\"",
					"-framework",
					"\"StoreKit\"",
					"-framework",
					"\"SystemConfiguration\"",
					"-framework",
					"\"nanopb\"",
					"$(OTHER_LDFLAGS)",
					"-ObjC",
				);
				PRODUCT_BUNDLE_IDENTIFIER = com.ppam.con.Temple;
				PRODUCT_NAME = "$(TARGET_NAME)";
				SWIFT_OBJC_BRIDGING_HEADER = "SidebarMenu/SidebarMenu-Bridging-Header.h";
				SWIFT_VERSION = 3.0;
			};
			name = Release;
		};
		F4702A131A7F27DC00E30A3C /* Debug */ = {
			isa = XCBuildConfiguration;
			baseConfigurationReference = 3461C9FB959F5C415ACD6A92 /* Pods-SidebarMenuTests.debug.xcconfig */;
			buildSettings = {
				BUNDLE_LOADER = "$(TEST_HOST)";
				FRAMEWORK_SEARCH_PATHS = (
					"$(SDKROOT)/Developer/Library/Frameworks",
					"$(inherited)",
				);
				GCC_PREPROCESSOR_DEFINITIONS = (
					"DEBUG=1",
					"$(inherited)",
				);
				INFOPLIST_FILE = SidebarMenuTests/Info.plist;
				LD_RUNPATH_SEARCH_PATHS = "$(inherited) @executable_path/Frameworks @loader_path/Frameworks";
				PRODUCT_BUNDLE_IDENTIFIER = "com.appcoda.$(PRODUCT_NAME:rfc1034identifier)";
				PRODUCT_NAME = "$(TARGET_NAME)";
				SWIFT_VERSION = 3.0;
				TEST_HOST = "$(BUILT_PRODUCTS_DIR)/SidebarMenu.app/SidebarMenu";
			};
			name = Debug;
		};
		F4702A141A7F27DC00E30A3C /* Release */ = {
			isa = XCBuildConfiguration;
			baseConfigurationReference = FE032A366BBF9EBE92425CA6 /* Pods-SidebarMenuTests.release.xcconfig */;
			buildSettings = {
				BUNDLE_LOADER = "$(TEST_HOST)";
				FRAMEWORK_SEARCH_PATHS = (
					"$(SDKROOT)/Developer/Library/Frameworks",
					"$(inherited)",
				);
				INFOPLIST_FILE = SidebarMenuTests/Info.plist;
				LD_RUNPATH_SEARCH_PATHS = "$(inherited) @executable_path/Frameworks @loader_path/Frameworks";
				PRODUCT_BUNDLE_IDENTIFIER = "com.appcoda.$(PRODUCT_NAME:rfc1034identifier)";
				PRODUCT_NAME = "$(TARGET_NAME)";
				SWIFT_VERSION = 3.0;
				TEST_HOST = "$(BUILT_PRODUCTS_DIR)/SidebarMenu.app/SidebarMenu";
			};
			name = Release;
		};
/* End XCBuildConfiguration section */

/* Begin XCConfigurationList section */
		F47029EB1A7F27DB00E30A3C /* Build configuration list for PBXProject "SidebarMenu" */ = {
			isa = XCConfigurationList;
			buildConfigurations = (
				F4702A0D1A7F27DC00E30A3C /* Debug */,
				F4702A0E1A7F27DC00E30A3C /* Release */,
			);
			defaultConfigurationIsVisible = 0;
			defaultConfigurationName = Release;
		};
		F4702A0F1A7F27DC00E30A3C /* Build configuration list for PBXNativeTarget "SidebarMenu" */ = {
			isa = XCConfigurationList;
			buildConfigurations = (
				F4702A101A7F27DC00E30A3C /* Debug */,
				F4702A111A7F27DC00E30A3C /* Release */,
			);
			defaultConfigurationIsVisible = 0;
			defaultConfigurationName = Release;
		};
		F4702A121A7F27DC00E30A3C /* Build configuration list for PBXNativeTarget "SidebarMenuTests" */ = {
			isa = XCConfigurationList;
			buildConfigurations = (
				F4702A131A7F27DC00E30A3C /* Debug */,
				F4702A141A7F27DC00E30A3C /* Release */,
			);
			defaultConfigurationIsVisible = 0;
			defaultConfigurationName = Release;
		};
/* End XCConfigurationList section */
	};
	rootObject = F47029E81A7F27DB00E30A3C /* Project object */;
}
